
Microsoft Visual Studio Solution File, Format Version 12.00
# Visual Studio Version 16
VisualStudioVersion = 16.0.31112.23
MinimumVisualStudioVersion = 10.0.40219.1
Project("{FAE04EC0-301F-11D3-BF4B-00C04F79EFBC}") = "BeziersCurve", "BeziersCurve.csproj", "{9AB32ED8-C7E9-4EA9-9FE7-82FEC6AE58E5}"
EndProject
Global
	GlobalSection(SolutionConfigurationPlatforms) = preSolution
		Debug|Any CPU = Debug|Any CPU
		Release|Any CPU = Release|Any CPU
	EndGlobalSection
	GlobalSection(ProjectConfigurationPlatforms) = postSolution
		{9AB32ED8-C7E9-4EA9-9FE7-82FEC6AE58E5}.Debug|Any CPU.ActiveCfg = Debug|Any CPU
		{9AB32ED8-C7E9-4EA9-9FE7-82FEC6AE58E5}.Debug|Any CPU.Build.0 = Debug|Any CPU
		{9AB32ED8-C7E9-4EA9-9FE7-82FEC6AE58E5}.Release|Any CPU.ActiveCfg = Release|Any CPU
		{9AB32ED8-C7E9-4EA9-9FE7-82FEC6AE58E5}.Release|Any CPU.Build.0 = Release|Any CPU
	EndGlobalSection
	GlobalSection(SolutionProperties) = preSolution
		HideSolutionNode = FALSE
	EndGlobalSection
	GlobalSection(ExtensibilityGlobals) = postSolution
		SolutionGuid = {F7242BD3-3E50-449E-A069-780487D363B6}
	EndGlobalSection
EndGlobal
